
Microsoft Visual Studio Solution File, Format Version 12.00
# Visual Studio 15
VisualStudioVersion = 15.0.26430.14
MinimumVisualStudioVersion = 10.0.40219.1
Project("{FAE04EC0-301F-11D3-BF4B-00C04F79EFBC}") = "MVCTestCourse", "MVCTestCourse\MVCTestCourse.csproj", "{97CCC9B9-01F9-49D2-B51E-9AE4A60BE95D}"
EndProject
Project("{FAE04EC0-301F-11D3-BF4B-00C04F79EFBC}") = "MVCTestCourse.Tests", "MVCTestCourse.Tests\MVCTestCourse.Tests.csproj", "{F63F3E3A-5EA2-42DA-97B3-CD0996F07AB3}"
EndProject
Global
	GlobalSection(SolutionConfigurationPlatforms) = preSolution
		Debug|Any CPU = Debug|Any CPU
		Release|Any CPU = Release|Any CPU
	EndGlobalSection
	GlobalSection(ProjectConfigurationPlatforms) = postSolution
		{97CCC9B9-01F9-49D2-B51E-9AE4A60BE95D}.Debug|Any CPU.ActiveCfg = Debug|Any CPU
		{97CCC9B9-01F9-49D2-B51E-9AE4A60BE95D}.Debug|Any CPU.Build.0 = Debug|Any CPU
		{97CCC9B9-01F9-49D2-B51E-9AE4A60BE95D}.Release|Any CPU.ActiveCfg = Release|Any CPU
		{97CCC9B9-01F9-49D2-B51E-9AE4A60BE95D}.Release|Any CPU.Build.0 = Release|Any CPU
		{F63F3E3A-5EA2-42DA-97B3-CD0996F07AB3}.Debug|Any CPU.ActiveCfg = Debug|Any CPU
		{F63F3E3A-5EA2-42DA-97B3-CD0996F07AB3}.Debug|Any CPU.Build.0 = Debug|Any CPU
		{F63F3E3A-5EA2-42DA-97B3-CD0996F07AB3}.Release|Any CPU.ActiveCfg = Release|Any CPU
		{F63F3E3A-5EA2-42DA-97B3-CD0996F07AB3}.Release|Any CPU.Build.0 = Release|Any CPU
	EndGlobalSection
	GlobalSection(SolutionProperties) = preSolution
		HideSolutionNode = FALSE
	EndGlobalSection
EndGlobal
